# Generated by pub
# See https://dart.dev/tools/pub/glossary#lockfile
packages:
  async:
    dependency: transitive
    description:
      name: async
      sha256: "947bfcf187f74dbc5e146c9eb9c0f10c9f8b30743e341481c1e2ed3ecc18c20c"
      url: "https://pub.dev"
    source: hosted
    version: "2.11.0"
  boolean_selector:
    dependency: transitive
    description:
      name: boolean_selector
      sha256: "6cfb5af12253eaf2b368f07bacc5a80d1301a071c73360d746b7f2e32d762c66"
      url: "https://pub.dev"
    source: hosted
    version: "2.1.1"
  cached_network_image:
    dependency: "direct main"
    description:
      name: cached_network_image
      sha256: "4a5d8d2c728b0f3d0245f69f921d7be90cae4c2fd5288f773088672c0893f819"
      url: "https://pub.dev"
    source: hosted
    version: "3.4.0"
  cached_network_image_platform_interface:
    dependency: transitive
    description:
      name: cached_network_image_platform_interface
      sha256: ff0c949e323d2a1b52be73acce5b4a7b04063e61414c8ca542dbba47281630a7
      url: "https://pub.dev"
    source: hosted
    version: "4.1.0"
  cached_network_image_web:
    dependency: transitive
    description:
      name: cached_network_image_web
      sha256: "6322dde7a5ad92202e64df659241104a43db20ed594c41ca18de1014598d7996"
      url: "https://pub.dev"
    source: hosted
    version: "1.3.0"
  characters:
    dependency: transitive
    description:
      name: characters
      sha256: "04a925763edad70e8443c99234dc3328f442e811f1d8fd1a72f1c8ad0f69a605"
      url: "https://pub.dev"
    source: hosted
    version: "1.3.0"
  clock:
    dependency: transitive
    description:
      name: clock
      sha256: cb6d7f03e1de671e34607e909a7213e31d7752be4fb66a86d29fe1eb14bfb5cf
      url: "https://pub.dev"
    source: hosted
    version: "1.1.1"
  collection:
    dependency: transitive
    description:
      name: collection
      sha256: ee67cb0715911d28db6bf4af1026078bd6f0128b07a5f66fb2ed94ec6783c09a
      url: "https://pub.dev"
    source: hosted
    version: "1.18.0"
  crypto:
    dependency: transitive
    description:
      name: crypto
      sha256: ff625774173754681d66daaf4a448684fb04b78f902da9cb3d308c19cc5e8bab
      url: "https://pub.dev"
    source: hosted
    version: "3.0.3"
  cupertino_icons:
    dependency: "direct main"
    description:
      name: cupertino_icons
      sha256: ba631d1c7f7bef6b729a622b7b752645a2d076dba9976925b8f25725a30e1ee6
      url: "https://pub.dev"
    source: hosted
    version: "1.0.8"
  fake_async:
    dependency: transitive
    description:
      name: fake_async
      sha256: "511392330127add0b769b75a987850d136345d9227c6b94c96a04cf4a391bf78"
      url: "https://pub.dev"
    source: hosted
    version: "1.3.1"
  ffi:
    dependency: transitive
    description:
      name: ffi
      sha256: "493f37e7df1804778ff3a53bd691d8692ddf69702cf4c1c1096a2e41b4779e21"
      url: "https://pub.dev"
    source: hosted
    version: "2.1.2"
  file:
    dependency: transitive
    description:
      name: file
      sha256: "5fc22d7c25582e38ad9a8515372cd9a93834027aacf1801cf01164dac0ffa08c"
      url: "https://pub.dev"
    source: hosted
    version: "7.0.0"
  fixnum:
    dependency: transitive
    description:
      name: fixnum
      sha256: "25517a4deb0c03aa0f32fd12db525856438902d9c16536311e76cdc57b31d7d1"
      url: "https://pub.dev"
    source: hosted
    version: "1.1.0"
  flutter:
    dependency: "direct main"
    description: flutter
    source: sdk
    version: "0.0.0"
  flutter_cache_manager:
    dependency: transitive
    description:
      name: flutter_cache_manager
      sha256: a77f77806a790eb9ba0118a5a3a936e81c4fea2b61533033b2b0c3d50bbde5ea
      url: "https://pub.dev"
    source: hosted
    version: "3.4.0"
  flutter_lints:
    dependency: "direct dev"
    description:
      name: flutter_lints
      sha256: "9e8c3858111da373efc5aa341de011d9bd23e2c5c5e0c62bccf32438e192d7b1"
      url: "https://pub.dev"
    source: hosted
    version: "3.0.2"
  flutter_test:
    dependency: "direct dev"
    description: flutter
    source: sdk
    version: "0.0.0"
  flutter_web_plugins:
    dependency: transitive
    description: flutter
    source: sdk
    version: "0.0.0"
  font_awesome_flutter:
    dependency: "direct main"
    description:
      name: font_awesome_flutter
      sha256: "275ff26905134bcb59417cf60ad979136f1f8257f2f449914b2c3e05bbb4cd6f"
      url: "https://pub.dev"
    source: hosted
    version: "10.7.0"
  http:
    dependency: "direct main"
    description:
      name: http
      sha256: b9c29a161230ee03d3ccf545097fccd9b87a5264228c5d348202e0f0c28f9010
      url: "https://pub.dev"
    source: hosted
    version: "1.2.2"
  http_parser:
    dependency: transitive
    description:
      name: http_parser
      sha256: "2aa08ce0341cc9b354a498388e30986515406668dbcc4f7c950c3e715496693b"
      url: "https://pub.dev"
    source: hosted
    version: "4.0.2"
  leak_tracker:
    dependency: transitive
    description:
      name: leak_tracker
      sha256: "7f0df31977cb2c0b88585095d168e689669a2cc9b97c309665e3386f3e9d341a"
      url: "https://pub.dev"
    source: hosted
    version: "10.0.4"
  leak_tracker_flutter_testing:
    dependency: transitive
    description:
      name: leak_tracker_flutter_testing
      sha256: "06e98f569d004c1315b991ded39924b21af84cf14cc94791b8aea337d25b57f8"
      url: "https://pub.dev"
    source: hosted
    version: "3.0.3"
  leak_tracker_testing:
    dependency: transitive
    description:
      name: leak_tracker_testing
      sha256: "6ba465d5d76e67ddf503e1161d1f4a6bc42306f9d66ca1e8f079a47290fb06d3"
      url: "https://pub.dev"
    source: hosted
    version: "3.0.1"
  lints:
    dependency: transitive
    description:
      name: lints
      sha256: "7d74126dcf8222768cb022edc2e7d98c6cfbc067fcda8b80323bfb95fd4f0ad0"
      url: "https://pub.dev"
    source: hosted
    version: "2.1.1"
  matcher:
    dependency: transitive
    description:
      name: matcher
      sha256: "0ed9db5763e8ff5d6d2013064e0629c594625d6ee27886cb2c5e37a4709cd3bb"
      url: "https://pub.dev"
    source: hosted
    version: "0.12.13"
  material_color_utilities:
    dependency: transitive
    description:
      name: material_color_utilities
      sha256: a23e7c1bfa46c3aef3f5b1b481f2a56b9e88ffde4515588aaf9e4db0b49d3ec0
      url: "https://pub.dev"
    source: hosted
    version: "0.2.0"
  meta:
    dependency: transitive
    description:
      name: meta
      sha256: "10dc49c3514e64cba97e5d6ab20f2d21da15ff28f4b68ac0b4a296c273badf24"
      url: "https://pub.dev"
    source: hosted
    version: "1.9.1"
  package_config:
    dependency: transitive
    description:
      name: package_config
      sha256: "ed4308de2769317f0f5140b25b201fb7c74f2fc4d0a35b907169c92a4cb8d20d"
      url: "https://pub.dev"
    source: hosted
    version: "2.1.1"
  path:
    dependency: transitive
    description:
      name: path
      sha256: f4c66e1dc49f1e1de1a46c198d0970e02ef674f8b8fd105c35b599b90f25cfb4
      url: "https://pub.dev"
    source: hosted
    version: "1.8.3"
  path_provider:
    dependency: "direct main"
    description:
      name: path_provider
      sha256: 38bcb83d58cd55384de672a2e19d0249b23a20d593ea73d90e06ff524bc1b88f
      url: "https://pub.dev"
    source: hosted
    version: "2.0.15"
  path_provider_android:
    dependency: transitive
    description:
      name: path_provider_android
      sha256: b30570f810c6d25b3b4c522d94b456947d1a2c501bb032d8b5ae04e8e8ae0b15
      url: "https://pub.dev"
    source: hosted
    version: "2.0.28"
  path_provider_foundation:
    dependency: transitive
    description:
      name: path_provider_foundation
      sha256: e815fd4d0283c35b21e3db10b10d2edbc0243b83ccf6907fca59f1a09c3dc729
      url: "https://pub.dev"
    source: hosted
    version: "2.1.7"
  path_provider_ios:
    dependency: transitive
    description:
      name: path_provider_ios
      sha256: a374afc0319939d688a697de188e1f496453dc4cbf0d7079e1e0913f6c863e96
      url: "https://pub.dev"
    source: hosted
    version: "2.0.14"
  path_provider_linux:
    dependency: transitive
    description:
      name: path_provider_linux
      sha256: 15c19108f9b5c24a0ffce21ac3a38224377c4cf5c438f44a94c9f0495b460110
      url: "https://pub.dev"
    source: hosted
    version: "2.1.7"
  path_provider_macos:
    dependency: transitive
    description:
      name: path_provider_macos
      sha256: 9a8d0073e42b9204b2c4539bb95d82bdb9a97d799cd1382ebdbb28a3bfa1d17b
      url: "https://pub.dev"
    source: hosted
    version: "2.0.7"
  path_provider_platform_interface:
    dependency: transitive
    description:
      name: path_provider_platform_interface
      sha256: e4f01b7e07166615711070946b46a73a4fd39fd52dd300dc896321b41f4f4e8a
      url: "https://pub.dev"
    source: hosted
    version: "2.0.5"
  path_provider_windows:
    dependency: transitive
    description:
      name: path_provider_windows
      sha256: db07c83140389748c7b1663d9445e5e9b62c732aaf4ed2b67b99b3b8fd10db4a
      url: "https://pub.dev"
    source: hosted
    version: "2.1.7"
  petitparser:
    dependency: transitive
    description:
      name: petitparser
      sha256: "cbce8e35295b465c2ec8243790b372dba3f9dfaa098e7c29cb8c497b0e5a03e0"
      url: "https://pub.dev"
    source: hosted
    version: "5.5.0"
  platform:
    dependency: transitive
    description:
      name: platform
      sha256: 255f2b1a8f16719bc94e5cfd84d36a1bff10ef8b9d7755f164280b8fbb48b2d3
      url: "https://pub.dev"
    source: hosted
    version: "3.1.0"
  plugin_platform_interface:
    dependency: transitive
    description:
      name: plugin_platform_interface
      sha256: c9ea37f7085d49a72e2e63df7fce6206e8d79af62d21252d7b648ad5eeb132b6
      url: "https://pub.dev"
    source: hosted
    version: "2.1.3"
  process:
    dependency: transitive
    description:
      name: process
      sha256: 6eb11c740f09e20dc0b8761ed55304ffb1695822576506b4ad95ff46e8b9dc98
      url: "https://pub.dev"
    source: hosted
    version: "4.0.5"
  provider:
    dependency: "direct main"
    description:
      name: provider
      sha256: 40f248b63cc381def1a75a2d3b6b9da48108091c99e2f3f0de47b9e3764fe505
      url: "https://pub.dev"
    source: hosted
    version: "6.0.5"
  shared_preferences:
    dependency: "direct main"
    description:
      name: shared_preferences
      sha256: 4b843dbdb839f7b3b2d0d63515e03c4e53752dc2ef387c7e4af416db77d7f204
      url: "https://pub.dev"
    source: hosted
    version: "2.1.0"
  shared_preferences_android:
    dependency: transitive
    description:
      name: shared_preferences_android
      sha256: 46b80855c4e66924b913bf998e6c3d4f4136d1e70db0d9a63b97267d470ae48a
      url: "https://pub.dev"
    source: hosted
    version: "2.1.4"
  shared_preferences_foundation:
    dependency: transitive
    description:
      name: shared_preferences_foundation
      sha256: 3f0574c78cc4903729a3d32f3c25b4934851cf35d62d87ec7ab47a6f7e1ed2de
      url: "https://pub.dev"
    source: hosted
    version: "2.1.4"
  shared_preferences_ios:
    dependency: transitive
    description:
      name: shared_preferences_ios
      sha256: 5c9b312eec05a7e273c0d5e85e6f8ed4b74dc8a46ac820a160fb9a5828054c08
      url: "https://pub.dev"
    source: hosted
    version: "2.1.3"
  shared_preferences_linux:
    dependency: transitive
    description:
      name: shared_preferences_linux
      sha256: b99b3b05b8c79947eb35c35ad51e03bce9a7b3c6d26cb1893b490a14194af084
      url: "https://pub.dev"
    source: hosted
    version: "2.1.4"
  shared_preferences_macos:
    dependency: transitive
    description:
      name: shared_preferences_macos
      sha256: 4d2ff29b22681b47a2c25a98aa48a43a0d6bb52cfb1172a6fd4026be15a49856
      url: "https://pub.dev"
    source: hosted
    version: "2.1.4"
  shared_preferences_platform_interface:
    dependency: transitive
    description:
      name: shared_preferences_platform_interface
      sha256: 95a1d348ec51508695c4db8e2a0d4f6ff746015c8d245b62d5169ae79c2225c5
      url: "https://pub.dev"
    source: hosted
    version: "2.1.0"
  shared_preferences_web:
    dependency: transitive
    description:
      name: shared_preferences_web
      sha256: 13aef3ee184bf0c80b4db84a6a293cd865184fcbe69d09c0c4036c3fae84a22d
      url: "https://pub.dev"
    source: hosted
    version: "2.1.4"
  shared_preferences_windows:
    dependency: transitive
    description:
      name: shared_preferences_windows
      sha256: 9b2db7d8cb8b775249aa440c1dc92637b18f33de01ed9a12da482c7e2b56bb0b
      url: "https://pub.dev"
    source: hosted
    version: "2.1.4"
  sky_engine:
    dependency: transitive
    description:
      name: sky_engine
      sha256: "db4c5103d4f9dfca9e50cda74f01f3987dbfbe8e0036d8d7307d87e4f7b4f306"
      url: "https://pub.dev"
    source: hosted
    version: "0.0.99"
  source_span:
    dependency: transitive
    description:
      name: source_span
      sha256: "911e4b36f87b0dfba7ccf155f3f676b216de967da40fc4a9e78080d9c0096780"
      url: "https://pub.dev"
    source: hosted
    version: "1.9.1"
  stack_trace:
    dependency: transitive
    description:
      name: stack_trace
      sha256: 8ec01233d33fe61aa34c34429145e71e35c1c01839f10ad04ab2a0b9e109738c
      url: "https://pub.dev"
    source: hosted
    version: "1.11.0"
  stream_channel:
    dependency: transitive
    description:
      name: stream_channel
      sha256: 6041ba9c07be524fc178d02d4d3fe55cd47b46d69deee2997cb8bfeae845b780
      url: "https://pub.dev"
    source: hosted
    version: "2.1.0"
  string_scanner:
    dependency: transitive
    description:
      name: string_scanner
      sha256: "8756254a4c51ffebd7b26c24d9dc84f1fc3045b0b5e90219c0b43d979200ca41"
      url: "https://pub.dev"
    source: hosted
    version: "1.2.0"
  term_glyph:
    dependency: transitive
    description:
      name: term_glyph
      sha256: 5016dcfcfce57e2c44b2b2bb6fa962adfa9a2683b20eae9c78018db7e7d11f4e
      url: "https://pub.dev"
    source: hosted
    version: "1.2.1"
  test_api:
    dependency: transitive
    description:
      name: test_api
      sha256: 82ed3e598c8552c5b9358ab71a1b7ae9f2637e601f508dbb6c43ebc61c5c5c90
      url: "https://pub.dev"
    source: hosted
    version: "0.4.19"
  typed_data:
    dependency: transitive
    description:
      name: typed_data
      sha256: b5b83b392b86c7cb68932b4a1f20406e5da522340d6a5b9d1690df6d1831c503
      url: "https://pub.dev"
    source: hosted
    version: "1.3.1"
  vector_math:
    dependency: transitive
    description:
      name: vector_math
      sha256: a4b42fca8e3dd7c61780a0f3c32bb8f1b3f40e607bd2b2ba399abe5f7e3a4510
      url: "https://pub.dev"
    source: hosted
    version: "2.1.4"
  win32:
    dependency: transitive
    description:
      name: win32
      sha256: 170e6c383aee0ef63fbe67f1787e85a9f78030915583556c37449ebf8445ac31
      url: "https://pub.dev"
    source: hosted
    version: "3.0.0"
  xdg_directories:
    dependency: transitive
    description:
      name: xdg_directories
      sha256: d30b3ac8fa04da03edc9d7a7b1eb2790fe81df5f86a0214a5db7dbd693a12613
      url: "https://pub.dev"
    source: hosted
    version: "0.2.0+1"
  yaml:
    dependency: transitive
    description:
      name: yaml
      sha256: d4ad7ff9a0708a65abce6db5c1a9e4ee473b343a02b7a82320dcf87ab703d8d3
      url: "https://pub.dev"
    source: hosted
    version: "3.1.1"

dependency_overrides:
  flutter_lints:
    path: ../flutter/packages/flutter_lints
dev_dependencies:
  flutter_lints:
    dependency: "direct dev"
    description:
      name: flutter_lints
      sha256: "9207263441cdd9495a5936c5d9be3e3c15dcfdf0a69a3a3ef626fc00a6c8d2a4"
      url: "https://pub.dev"
    source: hosted
    version: "2.0.1"
  integration_test:
    dependency: "direct dev"
    description:
      name: integration_test
      sha256: "febae7503a8ef636dbda7c61a7de28b1c4731cfa09be7f29ae8073fcdcb33342"
      url: "https://pub.dev"
    source: hosted
    version: "1.2.3"

sdks:
  dart: ">=2.18.0 <3.0.0"
  flutter: ">=3.3.0 <4.0.0"
